{"format_version":"1.2","terraform_version":"1.6.2","variables":{"aws_access_key":{"value":"AKIAXKK2H6A5UMO3AH4F"},"aws_region":{"value":"ca-central-1"},"aws_secret_key":{"value":"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"}},"planned_values":{"root_module":{"resources":[{"address":"aws_instance.terra_instance[\"1\"]","mode":"managed","type":"aws_instance","name":"terra_instance","index":"1","provider_name":"registry.terraform.io/hashicorp/aws","schema_version":1,"values":{"ami":"ami-01a2cb0405fa1877b","availability_zone":"ca-central-1a","credit_specification":[],"get_password_data":false,"hibernation":null,"instance_type":"t3.micro","launch_template":[],"source_dest_check":true,"tags":{"Name":"terra_instance_ca-central-1a_1","createdBy":"terraform"},"tags_all":{"Name":"terra_instance_ca-central-1a_1","createdBy":"terraform"},"timeouts":null,"user_data_replace_on_change":false,"volume_tags":null},"sensitive_values":{"capacity_reservation_specification":[],"cpu_options":[],"credit_specification":[],"ebs_block_device":[],"enclave_options":[],"ephemeral_block_device":[],"instance_market_options":[],"ipv6_addresses":[],"launch_template":[],"maintenance_options":[],"metadata_options":[],"network_interface":[],"private_dns_name_options":[],"root_block_device":[],"secondary_private_ips":[],"security_groups":[],"tags":{},"tags_all":{},"vpc_security_group_ids":[]}},{"address":"aws_instance.terra_instance[\"2\"]","mode":"managed","type":"aws_instance","name":"terra_instance","index":"2","provider_name":"registry.terraform.io/hashicorp/aws","schema_version":1,"values":{"ami":"ami-01a2cb0405fa1877b","availability_zone":"ca-central-1b","credit_specification":[],"get_password_data":false,"hibernation":null,"instance_type":"t3.micro","launch_template":[],"source_dest_check":true,"tags":{"Name":"terra_instance_ca-central-1b_2","createdBy":"terraform"},"tags_all":{"Name":"terra_instance_ca-central-1b_2","createdBy":"terraform"},"timeouts":null,"user_data_replace_on_change":false,"volume_tags":null},"sensitive_values":{"capacity_reservation_specification":[],"cpu_options":[],"credit_specification":[],"ebs_block_device":[],"enclave_options":[],"ephemeral_block_device":[],"instance_market_options":[],"ipv6_addresses":[],"launch_template":[],"maintenance_options":[],"metadata_options":[],"network_interface":[],"private_dns_name_options":[],"root_block_device":[],"secondary_private_ips":[],"security_groups":[],"tags":{},"tags_all":{},"vpc_security_group_ids":[]}},{"address":"aws_subnet.terra_private_subnet[0]","mode":"managed","type":"aws_subnet","name":"terra_private_subnet","index":0,"provider_name":"registry.terraform.io/hashicorp/aws","schema_version":1,"values":{"assign_ipv6_address_on_creation":false,"availability_zone":"ca-central-1a","cidr_block":"10.0.2.0/24","customer_owned_ipv4_pool":null,"enable_dns64":false,"enable_lni_at_device_index":null,"enable_resource_name_dns_a_record_on_launch":false,"enable_resource_name_dns_aaaa_record_on_launch":false,"ipv6_cidr_block":null,"ipv6_native":false,"map_customer_owned_ip_on_launch":null,"map_public_ip_on_launch":false,"outpost_arn":null,"tags":{"Name":"terra_private_subnet1","createdBy":"terraform"},"tags_all":{"Name":"terra_private_subnet1","createdBy":"terraform"},"timeouts":null},"sensitive_values":{"tags":{},"tags_all":{}}},{"address":"aws_subnet.terra_private_subnet[1]","mode":"managed","type":"aws_subnet","name":"terra_private_subnet","index":1,"provider_name":"registry.terraform.io/hashicorp/aws","schema_version":1,"values":{"assign_ipv6_address_on_creation":false,"availability_zone":"ca-central-1b","cidr_block":"10.0.3.0/24","customer_owned_ipv4_pool":null,"enable_dns64":false,"enable_lni_at_device_index":null,"enable_resource_name_dns_a_record_on_launch":false,"enable_resource_name_dns_aaaa_record_on_launch":false,"ipv6_cidr_block":null,"ipv6_native":false,"map_customer_owned_ip_on_launch":null,"map_public_ip_on_launch":false,"outpost_arn":null,"tags":{"Name":"terra_private_subnet2","createdBy":"terraform"},"tags_all":{"Name":"terra_private_subnet2","createdBy":"terraform"},"timeouts":null},"sensitive_values":{"tags":{},"tags_all":{}}},{"address":"aws_subnet.terra_public_subnet[0]","mode":"managed","type":"aws_subnet","name":"terra_public_subnet","index":0,"provider_name":"registry.terraform.io/hashicorp/aws","schema_version":1,"values":{"assign_ipv6_address_on_creation":false,"availability_zone":"ca-central-1a","cidr_block":"10.0.0.0/24","customer_owned_ipv4_pool":null,"enable_dns64":false,"enable_lni_at_device_index":null,"enable_resource_name_dns_a_record_on_launch":false,"enable_resource_name_dns_aaaa_record_on_launch":false,"ipv6_cidr_block":null,"ipv6_native":false,"map_customer_owned_ip_on_launch":null,"map_public_ip_on_launch":true,"outpost_arn":null,"tags":{"Name":"terra_public_subnet1","createdBy":"terraform"},"tags_all":{"Name":"terra_public_subnet1","createdBy":"terraform"},"timeouts":null},"sensitive_values":{"tags":{},"tags_all":{}}},{"address":"aws_subnet.terra_public_subnet[1]","mode":"managed","type":"aws_subnet","name":"terra_public_subnet","index":1,"provider_name":"registry.terraform.io/hashicorp/aws","schema_version":1,"values":{"assign_ipv6_address_on_creation":false,"availability_zone":"ca-central-1b","cidr_block":"10.0.1.0/24","customer_owned_ipv4_pool":null,"enable_dns64":false,"enable_lni_at_device_index":null,"enable_resource_name_dns_a_record_on_launch":false,"enable_resource_name_dns_aaaa_record_on_launch":false,"ipv6_cidr_block":null,"ipv6_native":false,"map_customer_owned_ip_on_launch":null,"map_public_ip_on_launch":true,"outpost_arn":null,"tags":{"Name":"terra_public_subnet2","createdBy":"terraform"},"tags_all":{"Name":"terra_public_subnet2","createdBy":"terraform"},"timeouts":null},"sensitive_values":{"tags":{},"tags_all":{}}},{"address":"aws_vpc.terra_vpc","mode":"managed","type":"aws_vpc","name":"terra_vpc","provider_name":"registry.terraform.io/hashicorp/aws","schema_version":1,"values":{"assign_generated_ipv6_cidr_block":null,"cidr_block":"10.0.0.0/16","enable_dns_support":true,"instance_tenancy":"default","ipv4_ipam_pool_id":null,"ipv4_netmask_length":null,"ipv6_ipam_pool_id":null,"ipv6_netmask_length":null,"tags":{"Name":"terra_vpc","createdBy":"terraform"},"tags_all":{"Name":"terra_vpc","createdBy":"terraform"}},"sensitive_values":{"tags":{},"tags_all":{}}}]}},"resource_changes":[{"address":"aws_instance.terra_instance[\"1\"]","mode":"managed","type":"aws_instance","name":"terra_instance","index":"1","provider_name":"registry.terraform.io/hashicorp/aws","change":{"actions":["create"],"before":null,"after":{"ami":"ami-01a2cb0405fa1877b","availability_zone":"ca-central-1a","credit_specification":[],"get_password_data":false,"hibernation":null,"instance_type":"t3.micro","launch_template":[],"source_dest_check":true,"tags":{"Name":"terra_instance_ca-central-1a_1","createdBy":"terraform"},"tags_all":{"Name":"terra_instance_ca-central-1a_1","createdBy":"terraform"},"timeouts":null,"user_data_replace_on_change":false,"volume_tags":null},"after_unknown":{"arn":true,"associate_public_ip_address":true,"capacity_reservation_specification":true,"cpu_core_count":true,"cpu_options":true,"cpu_threads_per_core":true,"credit_specification":[],"disable_api_stop":true,"disable_api_termination":true,"ebs_block_device":true,"ebs_optimized":true,"enclave_options":true,"ephemeral_block_device":true,"host_id":true,"host_resource_group_arn":true,"iam_instance_profile":true,"id":true,"instance_initiated_shutdown_behavior":true,"instance_lifecycle":true,"instance_market_options":true,"instance_state":true,"ipv6_address_count":true,"ipv6_addresses":true,"key_name":true,"launch_template":[],"maintenance_options":true,"metadata_options":true,"monitoring":true,"network_interface":true,"outpost_arn":true,"password_data":true,"placement_group":true,"placement_partition_number":true,"primary_network_interface_id":true,"private_dns":true,"private_dns_name_options":true,"private_ip":true,"public_dns":true,"public_ip":true,"root_block_device":true,"secondary_private_ips":true,"security_groups":true,"spot_instance_request_id":true,"subnet_id":true,"tags":{},"tags_all":{},"tenancy":true,"user_data":true,"user_data_base64":true,"vpc_security_group_ids":true},"before_sensitive":false,"after_sensitive":{"capacity_reservation_specification":[],"cpu_options":[],"credit_specification":[],"ebs_block_device":[],"enclave_options":[],"ephemeral_block_device":[],"instance_market_options":[],"ipv6_addresses":[],"launch_template":[],"maintenance_options":[],"metadata_options":[],"network_interface":[],"private_dns_name_options":[],"root_block_device":[],"secondary_private_ips":[],"security_groups":[],"tags":{},"tags_all":{},"vpc_security_group_ids":[]}}},{"address":"aws_instance.terra_instance[\"2\"]","mode":"managed","type":"aws_instance","name":"terra_instance","index":"2","provider_name":"registry.terraform.io/hashicorp/aws","change":{"actions":["create"],"before":null,"after":{"ami":"ami-01a2cb0405fa1877b","availability_zone":"ca-central-1b","credit_specification":[],"get_password_data":false,"hibernation":null,"instance_type":"t3.micro","launch_template":[],"source_dest_check":true,"tags":{"Name":"terra_instance_ca-central-1b_2","createdBy":"terraform"},"tags_all":{"Name":"terra_instance_ca-central-1b_2","createdBy":"terraform"},"timeouts":null,"user_data_replace_on_change":false,"volume_tags":null},"after_unknown":{"arn":true,"associate_public_ip_address":true,"capacity_reservation_specification":true,"cpu_core_count":true,"cpu_options":true,"cpu_threads_per_core":true,"credit_specification":[],"disable_api_stop":true,"disable_api_termination":true,"ebs_block_device":true,"ebs_optimized":true,"enclave_options":true,"ephemeral_block_device":true,"host_id":true,"host_resource_group_arn":true,"iam_instance_profile":true,"id":true,"instance_initiated_shutdown_behavior":true,"instance_lifecycle":true,"instance_market_options":true,"instance_state":true,"ipv6_address_count":true,"ipv6_addresses":true,"key_name":true,"launch_template":[],"maintenance_options":true,"metadata_options":true,"monitoring":true,"network_interface":true,"outpost_arn":true,"password_data":true,"placement_group":true,"placement_partition_number":true,"primary_network_interface_id":true,"private_dns":true,"private_dns_name_options":true,"private_ip":true,"public_dns":true,"public_ip":true,"root_block_device":true,"secondary_private_ips":true,"security_groups":true,"spot_instance_request_id":true,"subnet_id":true,"tags":{},"tags_all":{},"tenancy":true,"user_data":true,"user_data_base64":true,"vpc_security_group_ids":true},"before_sensitive":false,"after_sensitive":{"capacity_reservation_specification":[],"cpu_options":[],"credit_specification":[],"ebs_block_device":[],"enclave_options":[],"ephemeral_block_device":[],"instance_market_options":[],"ipv6_addresses":[],"launch_template":[],"maintenance_options":[],"metadata_options":[],"network_interface":[],"private_dns_name_options":[],"root_block_device":[],"secondary_private_ips":[],"security_groups":[],"tags":{},"tags_all":{},"vpc_security_group_ids":[]}}},{"address":"aws_subnet.terra_private_subnet[0]","mode":"managed","type":"aws_subnet","name":"terra_private_subnet","index":0,"provider_name":"registry.terraform.io/hashicorp/aws","change":{"actions":["create"],"before":null,"after":{"assign_ipv6_address_on_creation":false,"availability_zone":"ca-central-1a","cidr_block":"10.0.2.0/24","customer_owned_ipv4_pool":null,"enable_dns64":false,"enable_lni_at_device_index":null,"enable_resource_name_dns_a_record_on_launch":false,"enable_resource_name_dns_aaaa_record_on_launch":false,"ipv6_cidr_block":null,"ipv6_native":false,"map_customer_owned_ip_on_launch":null,"map_public_ip_on_launch":false,"outpost_arn":null,"tags":{"Name":"terra_private_subnet1","createdBy":"terraform"},"tags_all":{"Name":"terra_private_subnet1","createdBy":"terraform"},"timeouts":null},"after_unknown":{"arn":true,"availability_zone_id":true,"id":true,"ipv6_cidr_block_association_id":true,"owner_id":true,"private_dns_hostname_type_on_launch":true,"tags":{},"tags_all":{},"vpc_id":true},"before_sensitive":false,"after_sensitive":{"tags":{},"tags_all":{}}}},{"address":"aws_subnet.terra_private_subnet[1]","mode":"managed","type":"aws_subnet","name":"terra_private_subnet","index":1,"provider_name":"registry.terraform.io/hashicorp/aws","change":{"actions":["create"],"before":null,"after":{"assign_ipv6_address_on_creation":false,"availability_zone":"ca-central-1b","cidr_block":"10.0.3.0/24","customer_owned_ipv4_pool":null,"enable_dns64":false,"enable_lni_at_device_index":null,"enable_resource_name_dns_a_record_on_launch":false,"enable_resource_name_dns_aaaa_record_on_launch":false,"ipv6_cidr_block":null,"ipv6_native":false,"map_customer_owned_ip_on_launch":null,"map_public_ip_on_launch":false,"outpost_arn":null,"tags":{"Name":"terra_private_subnet2","createdBy":"terraform"},"tags_all":{"Name":"terra_private_subnet2","createdBy":"terraform"},"timeouts":null},"after_unknown":{"arn":true,"availability_zone_id":true,"id":true,"ipv6_cidr_block_association_id":true,"owner_id":true,"private_dns_hostname_type_on_launch":true,"tags":{},"tags_all":{},"vpc_id":true},"before_sensitive":false,"after_sensitive":{"tags":{},"tags_all":{}}}},{"address":"aws_subnet.terra_public_subnet[0]","mode":"managed","type":"aws_subnet","name":"terra_public_subnet","index":0,"provider_name":"registry.terraform.io/hashicorp/aws","change":{"actions":["create"],"before":null,"after":{"assign_ipv6_address_on_creation":false,"availability_zone":"ca-central-1a","cidr_block":"10.0.0.0/24","customer_owned_ipv4_pool":null,"enable_dns64":false,"enable_lni_at_device_index":null,"enable_resource_name_dns_a_record_on_launch":false,"enable_resource_name_dns_aaaa_record_on_launch":false,"ipv6_cidr_block":null,"ipv6_native":false,"map_customer_owned_ip_on_launch":null,"map_public_ip_on_launch":true,"outpost_arn":null,"tags":{"Name":"terra_public_subnet1","createdBy":"terraform"},"tags_all":{"Name":"terra_public_subnet1","createdBy":"terraform"},"timeouts":null},"after_unknown":{"arn":true,"availability_zone_id":true,"id":true,"ipv6_cidr_block_association_id":true,"owner_id":true,"private_dns_hostname_type_on_launch":true,"tags":{},"tags_all":{},"vpc_id":true},"before_sensitive":false,"after_sensitive":{"tags":{},"tags_all":{}}}},{"address":"aws_subnet.terra_public_subnet[1]","mode":"managed","type":"aws_subnet","name":"terra_public_subnet","index":1,"provider_name":"registry.terraform.io/hashicorp/aws","change":{"actions":["create"],"before":null,"after":{"assign_ipv6_address_on_creation":false,"availability_zone":"ca-central-1b","cidr_block":"10.0.1.0/24","customer_owned_ipv4_pool":null,"enable_dns64":false,"enable_lni_at_device_index":null,"enable_resource_name_dns_a_record_on_launch":false,"enable_resource_name_dns_aaaa_record_on_launch":false,"ipv6_cidr_block":null,"ipv6_native":false,"map_customer_owned_ip_on_launch":null,"map_public_ip_on_launch":true,"outpost_arn":null,"tags":{"Name":"terra_public_subnet2","createdBy":"terraform"},"tags_all":{"Name":"terra_public_subnet2","createdBy":"terraform"},"timeouts":null},"after_unknown":{"arn":true,"availability_zone_id":true,"id":true,"ipv6_cidr_block_association_id":true,"owner_id":true,"private_dns_hostname_type_on_launch":true,"tags":{},"tags_all":{},"vpc_id":true},"before_sensitive":false,"after_sensitive":{"tags":{},"tags_all":{}}}},{"address":"aws_vpc.terra_vpc","mode":"managed","type":"aws_vpc","name":"terra_vpc","provider_name":"registry.terraform.io/hashicorp/aws","change":{"actions":["create"],"before":null,"after":{"assign_generated_ipv6_cidr_block":null,"cidr_block":"10.0.0.0/16","enable_dns_support":true,"instance_tenancy":"default","ipv4_ipam_pool_id":null,"ipv4_netmask_length":null,"ipv6_ipam_pool_id":null,"ipv6_netmask_length":null,"tags":{"Name":"terra_vpc","createdBy":"terraform"},"tags_all":{"Name":"terra_vpc","createdBy":"terraform"}},"after_unknown":{"arn":true,"default_network_acl_id":true,"default_route_table_id":true,"default_security_group_id":true,"dhcp_options_id":true,"enable_dns_hostnames":true,"enable_network_address_usage_metrics":true,"id":true,"ipv6_association_id":true,"ipv6_cidr_block":true,"ipv6_cidr_block_network_border_group":true,"main_route_table_id":true,"owner_id":true,"tags":{},"tags_all":{}},"before_sensitive":false,"after_sensitive":{"tags":{},"tags_all":{}}}}],"configuration":{"provider_config":{"aws":{"name":"aws","full_name":"registry.terraform.io/hashicorp/aws","version_constraint":"~\u003e 5.0","expressions":{"access_key":{"references":["var.aws_access_key"]},"region":{"references":["var.aws_region"]},"secret_key":{"references":["var.aws_secret_key"]}}},"gcp":{"name":"gcp","full_name":"registry.terraform.io/hashicorp/google","version_constraint":"5.1.0"},"google":{"name":"google","full_name":"registry.terraform.io/hashicorp/google"}},"root_module":{"resources":[{"address":"aws_instance.terra_instance","mode":"managed","type":"aws_instance","name":"terra_instance","provider_config_key":"aws","expressions":{"ami":{"constant_value":"ami-01a2cb0405fa1877b"},"availability_zone":{"references":["each.value"]},"instance_type":{"constant_value":"t3.micro"},"subnet_id":{"references":["aws_subnet.terra_public_subnet","each.key"]},"tags":{"references":["each.value","each.key"]}},"schema_version":1,"for_each_expression":{"references":["var.aws_region","var.aws_region"]}},{"address":"aws_subnet.terra_private_subnet","mode":"managed","type":"aws_subnet","name":"terra_private_subnet","provider_config_key":"aws","expressions":{"availability_zone":{"references":["var.aws_region","count.index"]},"cidr_block":{"references":["count.index"]},"map_public_ip_on_launch":{"constant_value":false},"tags":{"references":["count.index"]},"vpc_id":{"references":["aws_vpc.terra_vpc.id","aws_vpc.terra_vpc"]}},"schema_version":1,"count_expression":{"constant_value":2}},{"address":"aws_subnet.terra_public_subnet","mode":"managed","type":"aws_subnet","name":"terra_public_subnet","provider_config_key":"aws","expressions":{"availability_zone":{"references":["var.aws_region","count.index"]},"cidr_block":{"references":["count.index"]},"map_public_ip_on_launch":{"constant_value":true},"tags":{"references":["count.index"]},"vpc_id":{"references":["aws_vpc.terra_vpc.id","aws_vpc.terra_vpc"]}},"schema_version":1,"count_expression":{"constant_value":2}},{"address":"aws_vpc.terra_vpc","mode":"managed","type":"aws_vpc","name":"terra_vpc","provider_config_key":"aws","expressions":{"cidr_block":{"constant_value":"10.0.0.0/16"},"tags":{"constant_value":{"Name":"terra_vpc","createdBy":"terraform"}}},"schema_version":1}],"variables":{"aws_access_key":{"description":"AWS CLI ACCESS KEY 입니다.","sensitive":true},"aws_region":{"default":"ap-northeast-2","description":"AWS 리전 코드 입니다.(기본값: ap-northeast-2)"},"aws_secret_key":{"description":"AWS CLI SECRET KEY 입니다.","sensitive":true}}}},"relevant_attributes":[{"resource":"aws_vpc.terra_vpc","attribute":["id"]},{"resource":"aws_subnet.terra_public_subnet","attribute":[]}],"checks":[{"address":{"kind":"var","name":"aws_region","to_display":"var.aws_region"},"status":"pass","instances":[{"address":{"to_display":"var.aws_region"},"status":"pass"}]}],"timestamp":"2023-10-27T00:03:14Z","errored":false}
